// !$*UTF8*$!
{
	archiveVersion = 1;
	classes = {
	};
	objectVersion = 56;
	objects = {

/* Begin PBXBuildFile section */
		BD9604C92BBF76CD00E515B1 /* SoundPlayer.swift in Sources */ = {isa = PBXBuildFile; fileRef = BD9604C82BBF76CD00E515B1 /* SoundPlayer.swift */; };
		BDD1161D2BBF2AA600CC48F4 /* LoveCareApp.swift in Sources */ = {isa = PBXBuildFile; fileRef = BDD1161C2BBF2AA600CC48F4 /* LoveCareApp.swift */; };
		BDD1161F2BBF2AA600CC48F4 /* ContentView.swift in Sources */ = {isa = PBXBuildFile; fileRef = BDD1161E2BBF2AA600CC48F4 /* ContentView.swift */; };
		BDD116212BBF2AA800CC48F4 /* Assets.xcassets in Resources */ = {isa = PBXBuildFile; fileRef = BDD116202BBF2AA800CC48F4 /* Assets.xcassets */; };
		BDD116242BBF2AA800CC48F4 /* Preview Assets.xcassets in Resources */ = {isa = PBXBuildFile; fileRef = BDD116232BBF2AA800CC48F4 /* Preview Assets.xcassets */; };
		BDD1162C2BBF2B6000CC48F4 /* chimeup.mp3 in Resources */ = {isa = PBXBuildFile; fileRef = BDD1162A2BBF2B5F00CC48F4 /* chimeup.mp3 */; };
		BDD1162D2BBF2B6000CC48F4 /* success.m4a in Resources */ = {isa = PBXBuildFile; fileRef = BDD1162B2BBF2B6000CC48F4 /* success.m4a */; };
		BDD116342BBF2E0D00CC48F4 /* Onboarding.swift in Sources */ = {isa = PBXBuildFile; fileRef = BDD116332BBF2E0D00CC48F4 /* Onboarding.swift */; };
		BDD116362BBF2E2200CC48F4 /* Home.swift in Sources */ = {isa = PBXBuildFile; fileRef = BDD116352BBF2E2200CC48F4 /* Home.swift */; };
		BDD116382BBF34F800CC48F4 /* CircleGroupView.swift in Sources */ = {isa = PBXBuildFile; fileRef = BDD116372BBF34F800CC48F4 /* CircleGroupView.swift */; };
/* End PBXBuildFile section */

/* Begin PBXFileReference section */
		BD9604C82BBF76CD00E515B1 /* SoundPlayer.swift */ = {isa = PBXFileReference; lastKnownFileType = sourcecode.swift; path = SoundPlayer.swift; sourceTree = "<group>"; };
		BDD116192BBF2AA600CC48F4 /* LoveCare.app */ = {isa = PBXFileReference; explicitFileType = wrapper.application; includeInIndex = 0; path = LoveCare.app; sourceTree = BUILT_PRODUCTS_DIR; };
		BDD1161C2BBF2AA600CC48F4 /* LoveCareApp.swift */ = {isa = PBXFileReference; lastKnownFileType = sourcecode.swift; path = LoveCareApp.swift; sourceTree = "<group>"; };
		BDD1161E2BBF2AA600CC48F4 /* ContentView.swift */ = {isa = PBXFileReference; lastKnownFileType = sourcecode.swift; path = ContentView.swift; sourceTree = "<group>"; };
		BDD116202BBF2AA800CC48F4 /* Assets.xcassets */ = {isa = PBXFileReference; lastKnownFileType = folder.assetcatalog; path = Assets.xcassets; sourceTree = "<group>"; };
		BDD116232BBF2AA800CC48F4 /* Preview Assets.xcassets */ = {isa = PBXFileReference; lastKnownFileType = folder.assetcatalog; path = "Preview Assets.xcassets"; sourceTree = "<group>"; };
		BDD1162A2BBF2B5F00CC48F4 /* chimeup.mp3 */ = {isa = PBXFileReference; lastKnownFileType = audio.mp3; path = chimeup.mp3; sourceTree = "<group>"; };
		BDD1162B2BBF2B6000CC48F4 /* success.m4a */ = {isa = PBXFileReference; lastKnownFileType = file; path = success.m4a; sourceTree = "<group>"; };
		BDD116332BBF2E0D00CC48F4 /* Onboarding.swift */ = {isa = PBXFileReference; lastKnownFileType = sourcecode.swift; path = Onboarding.swift; sourceTree = "<group>"; };
		BDD116352BBF2E2200CC48F4 /* Home.swift */ = {isa = PBXFileReference; lastKnownFileType = sourcecode.swift; path = Home.swift; sourceTree = "<group>"; };
		BDD116372BBF34F800CC48F4 /* CircleGroupView.swift */ = {isa = PBXFileReference; lastKnownFileType = sourcecode.swift; path = CircleGroupView.swift; sourceTree = "<group>"; };
/* End PBXFileReference section */

/* Begin PBXFrameworksBuildPhase section */
		BDD116162BBF2AA600CC48F4 /* Frameworks */ = {
			isa = PBXFrameworksBuildPhase;
			buildActionMask = 2147483647;
			files = (
			);
			runOnlyForDeploymentPostprocessing = 0;
		};
/* End PBXFrameworksBuildPhase section */

/* Begin PBXGroup section */
		BDD116102BBF2AA600CC48F4 = {
			isa = PBXGroup;
			children = (
				BDD1161B2BBF2AA600CC48F4 /* LoveCare */,
				BDD1161A2BBF2AA600CC48F4 /* Products */,
			);
			sourceTree = "<group>";
		};
		BDD1161A2BBF2AA600CC48F4 /* Products */ = {
			isa = PBXGroup;
			children = (
				BDD116192BBF2AA600CC48F4 /* LoveCare.app */,
			);
			name = Products;
			sourceTree = "<group>";
		};
		BDD1161B2BBF2AA600CC48F4 /* LoveCare */ = {
			isa = PBXGroup;
			children = (
				BDD116322BBF2D1F00CC48F4 /* Utilites */,
				BDD116312BBF2D1400CC48F4 /* Components */,
				BDD116302BBF2D0A00CC48F4 /* Screens */,
				BDD1162F2BBF2B8100CC48F4 /* Sounds */,
				BDD116202BBF2AA800CC48F4 /* Assets.xcassets */,
				BDD116222BBF2AA800CC48F4 /* Preview Content */,
			);
			path = LoveCare;
			sourceTree = "<group>";
		};
		BDD116222BBF2AA800CC48F4 /* Preview Content */ = {
			isa = PBXGroup;
			children = (
				BDD116232BBF2AA800CC48F4 /* Preview Assets.xcassets */,
			);
			path = "Preview Content";
			sourceTree = "<group>";
		};
		BDD1162F2BBF2B8100CC48F4 /* Sounds */ = {
			isa = PBXGroup;
			children = (
				BDD1162A2BBF2B5F00CC48F4 /* chimeup.mp3 */,
				BDD1162B2BBF2B6000CC48F4 /* success.m4a */,
			);
			path = Sounds;
			sourceTree = "<group>";
		};
		BDD116302BBF2D0A00CC48F4 /* Screens */ = {
			isa = PBXGroup;
			children = (
				BDD1161C2BBF2AA600CC48F4 /* LoveCareApp.swift */,
				BDD1161E2BBF2AA600CC48F4 /* ContentView.swift */,
				BDD116332BBF2E0D00CC48F4 /* Onboarding.swift */,
				BDD116352BBF2E2200CC48F4 /* Home.swift */,
			);
			name = Screens;
			sourceTree = "<group>";
		};
		BDD116312BBF2D1400CC48F4 /* Components */ = {
			isa = PBXGroup;
			children = (
				BDD116372BBF34F800CC48F4 /* CircleGroupView.swift */,
			);
			name = Components;
			sourceTree = "<group>";
		};
		BDD116322BBF2D1F00CC48F4 /* Utilites */ = {
			isa = PBXGroup;
			children = (
				BD9604C82BBF76CD00E515B1 /* SoundPlayer.swift */,
			);
			name = Utilites;
			sourceTree = "<group>";
		};
/* End PBXGroup section */

/* Begin PBXNativeTarget section */
		BDD116182BBF2AA600CC48F4 /* LoveCare */ = {
			isa = PBXNativeTarget;
			buildConfigurationList = BDD116272BBF2AA800CC48F4 /* Build configuration list for PBXNativeTarget "LoveCare" */;
			buildPhases = (
				BDD116152BBF2AA600CC48F4 /* Sources */,
				BDD116162BBF2AA600CC48F4 /* Frameworks */,
				BDD116172BBF2AA600CC48F4 /* Resources */,
			);
			buildRules = (
			);
			dependencies = (
			);
			name = LoveCare;
			productName = LoveCare;
			productReference = BDD116192BBF2AA600CC48F4 /* LoveCare.app */;
			productType = "com.apple.product-type.application";
		};
/* End PBXNativeTarget section */

/* Begin PBXProject section */
		BDD116112BBF2AA600CC48F4 /* Project object */ = {
			isa = PBXProject;
			attributes = {
				BuildIndependentTargetsInParallel = 1;
				LastSwiftUpdateCheck = 1530;
				LastUpgradeCheck = 1530;
				TargetAttributes = {
					BDD116182BBF2AA600CC48F4 = {
						CreatedOnToolsVersion = 15.3;
					};
				};
			};
			buildConfigurationList = BDD116142BBF2AA600CC48F4 /* Build configuration list for PBXProject "LoveCare" */;
			compatibilityVersion = "Xcode 14.0";
			developmentRegion = en;
			hasScannedForEncodings = 0;
			knownRegions = (
				en,
				Base,
			);
			mainGroup = BDD116102BBF2AA600CC48F4;
			productRefGroup = BDD1161A2BBF2AA600CC48F4 /* Products */;
			projectDirPath = "";
			projectRoot = "";
			targets = (
				BDD116182BBF2AA600CC48F4 /* LoveCare */,
			);
		};
/* End PBXProject section */

/* Begin PBXResourcesBuildPhase section */
		BDD116172BBF2AA600CC48F4 /* Resources */ = {
			isa = PBXResourcesBuildPhase;
			buildActionMask = 2147483647;
			files = (
				BDD1162D2BBF2B6000CC48F4 /* success.m4a in Resources */,
				BDD1162C2BBF2B6000CC48F4 /* chimeup.mp3 in Resources */,
				BDD116242BBF2AA800CC48F4 /* Preview Assets.xcassets in Resources */,
				BDD116212BBF2AA800CC48F4 /* Assets.xcassets in Resources */,
			);
			runOnlyForDeploymentPostprocessing = 0;
		};
/* End PBXResourcesBuildPhase section */

/* Begin PBXSourcesBuildPhase section */
		BDD116152BBF2AA600CC48F4 /* Sources */ = {
			isa = PBXSourcesBuildPhase;
			buildActionMask = 2147483647;
			files = (
				BDD116382BBF34F800CC48F4 /* CircleGroupView.swift in Sources */,
				BDD116342BBF2E0D00CC48F4 /* Onboarding.swift in Sources */,
				BDD1161F2BBF2AA600CC48F4 /* ContentView.swift in Sources */,
				BDD116362BBF2E2200CC48F4 /* Home.swift in Sources */,
				BD9604C92BBF76CD00E515B1 /* SoundPlayer.swift in Sources */,
				BDD1161D2BBF2AA600CC48F4 /* LoveCareApp.swift in Sources */,
			);
			runOnlyForDeploymentPostprocessing = 0;
		};
/* End PBXSourcesBuildPhase section */

/* Begin XCBuildConfiguration section */
		BDD116252BBF2AA800CC48F4 /* Debug */ = {
			isa = XCBuildConfiguration;
			buildSettings = {
				ALWAYS_SEARCH_USER_PATHS = NO;
				ASSETCATALOG_COMPILER_GENERATE_SWIFT_ASSET_SYMBOL_EXTENSIONS = YES;
				CLANG_ANALYZER_NONNULL = YES;
				CLANG_ANALYZER_NUMBER_OBJECT_CONVERSION = YES_AGGRESSIVE;
				CLANG_CXX_LANGUAGE_STANDARD = "gnu++20";
				CLANG_ENABLE_MODULES = YES;
				CLANG_ENABLE_OBJC_ARC = YES;
				CLANG_ENABLE_OBJC_WEAK = YES;
				CLANG_WARN_BLOCK_CAPTURE_AUTORELEASING = YES;
				CLANG_WARN_BOOL_CONVERSION = YES;
				CLANG_WARN_COMMA = YES;
				CLANG_WARN_CONSTANT_CONVERSION = YES;
				CLANG_WARN_DEPRECATED_OBJC_IMPLEMENTATIONS = YES;
				CLANG_WARN_DIRECT_OBJC_ISA_USAGE = YES_ERROR;
				CLANG_WARN_DOCUMENTATION_COMMENTS = YES;
				CLANG_WARN_EMPTY_BODY = YES;
				CLANG_WARN_ENUM_CONVERSION = YES;
				CLANG_WARN_INFINITE_RECURSION = YES;
				CLANG_WARN_INT_CONVERSION = YES;
				CLANG_WARN_NON_LITERAL_NULL_CONVERSION = YES;
				CLANG_WARN_OBJC_IMPLICIT_RETAIN_SELF = YES;
				CLANG_WARN_OBJC_LITERAL_CONVERSION = YES;
				CLANG_WARN_OBJC_ROOT_CLASS = YES_ERROR;
				CLANG_WARN_QUOTED_INCLUDE_IN_FRAMEWORK_HEADER = YES;
				CLANG_WARN_RANGE_LOOP_ANALYSIS = YES;
				CLANG_WARN_STRICT_PROTOTYPES = YES;
				CLANG_WARN_SUSPICIOUS_MOVE = YES;
				CLANG_WARN_UNGUARDED_AVAILABILITY = YES_AGGRESSIVE;
				CLANG_WARN_UNREACHABLE_CODE = YES;
				CLANG_WARN__DUPLICATE_METHOD_MATCH = YES;
				COPY_PHASE_STRIP = NO;
				DEBUG_INFORMATION_FORMAT = dwarf;
				ENABLE_STRICT_OBJC_MSGSEND = YES;
				ENABLE_TESTABILITY = YES;
				ENABLE_USER_SCRIPT_SANDBOXING = YES;
				GCC_C_LANGUAGE_STANDARD = gnu17;
				GCC_DYNAMIC_NO_PIC = NO;
				GCC_NO_COMMON_BLOCKS = YES;
				GCC_OPTIMIZATION_LEVEL = 0;
				GCC_PREPROCESSOR_DEFINITIONS = (
					"DEBUG=1",
					"$(inherited)",
				);
				GCC_WARN_64_TO_32_BIT_CONVERSION = YES;
				GCC_WARN_ABOUT_RETURN_TYPE = YES_ERROR;
				GCC_WARN_UNDECLARED_SELECTOR = YES;
				GCC_WARN_UNINITIALIZED_AUTOS = YES_AGGRESSIVE;
				GCC_WARN_UNUSED_FUNCTION = YES;
				GCC_WARN_UNUSED_VARIABLE = YES;
				IPHONEOS_DEPLOYMENT_TARGET = 17.4;
				LOCALIZATION_PREFERS_STRING_CATALOGS = YES;
				MTL_ENABLE_DEBUG_INFO = INCLUDE_SOURCE;
				MTL_FAST_MATH = YES;
				ONLY_ACTIVE_ARCH = YES;
				SDKROOT = iphoneos;
				SWIFT_ACTIVE_COMPILATION_CONDITIONS = "DEBUG $(inherited)";
				SWIFT_OPTIMIZATION_LEVEL = "-Onone";
			};
			name = Debug;
		};
		BDD116262BBF2AA800CC48F4 /* Release */ = {
			isa = XCBuildConfiguration;
			buildSettings = {
				ALWAYS_SEARCH_USER_PATHS = NO;
				ASSETCATALOG_COMPILER_GENERATE_SWIFT_ASSET_SYMBOL_EXTENSIONS = YES;
				CLANG_ANALYZER_NONNULL = YES;
				CLANG_ANALYZER_NUMBER_OBJECT_CONVERSION = YES_AGGRESSIVE;
				CLANG_CXX_LANGUAGE_STANDARD = "gnu++20";
				CLANG_ENABLE_MODULES = YES;
				CLANG_ENABLE_OBJC_ARC = YES;
				CLANG_ENABLE_OBJC_WEAK = YES;
				CLANG_WARN_BLOCK_CAPTURE_AUTORELEASING = YES;
				CLANG_WARN_BOOL_CONVERSION = YES;
				CLANG_WARN_COMMA = YES;
				CLANG_WARN_CONSTANT_CONVERSION = YES;
				CLANG_WARN_DEPRECATED_OBJC_IMPLEMENTATIONS = YES;
				CLANG_WARN_DIRECT_OBJC_ISA_USAGE = YES_ERROR;
				CLANG_WARN_DOCUMENTATION_COMMENTS = YES;
				CLANG_WARN_EMPTY_BODY = YES;
				CLANG_WARN_ENUM_CONVERSION = YES;
				CLANG_WARN_INFINITE_RECURSION = YES;
				CLANG_WARN_INT_CONVERSION = YES;
				CLANG_WARN_NON_LITERAL_NULL_CONVERSION = YES;
				CLANG_WARN_OBJC_IMPLICIT_RETAIN_SELF = YES;
				CLANG_WARN_OBJC_LITERAL_CONVERSION = YES;
				CLANG_WARN_OBJC_ROOT_CLASS = YES_ERROR;
				CLANG_WARN_QUOTED_INCLUDE_IN_FRAMEWORK_HEADER = YES;
				CLANG_WARN_RANGE_LOOP_ANALYSIS = YES;
				CLANG_WARN_STRICT_PROTOTYPES = YES;
				CLANG_WARN_SUSPICIOUS_MOVE = YES;
				CLANG_WARN_UNGUARDED_AVAILABILITY = YES_AGGRESSIVE;
				CLANG_WARN_UNREACHABLE_CODE = YES;
				CLANG_WARN__DUPLICATE_METHOD_MATCH = YES;
				COPY_PHASE_STRIP = NO;
				DEBUG_INFORMATION_FORMAT = "dwarf-with-dsym";
				ENABLE_NS_ASSERTIONS = NO;
				ENABLE_STRICT_OBJC_MSGSEND = YES;
				ENABLE_USER_SCRIPT_SANDBOXING = YES;
				GCC_C_LANGUAGE_STANDARD = gnu17;
				GCC_NO_COMMON_BLOCKS = YES;
				GCC_WARN_64_TO_32_BIT_CONVERSION = YES;
				GCC_WARN_ABOUT_RETURN_TYPE = YES_ERROR;
				GCC_WARN_UNDECLARED_SELECTOR = YES;
				GCC_WARN_UNINITIALIZED_AUTOS = YES_AGGRESSIVE;
				GCC_WARN_UNUSED_FUNCTION = YES;
				GCC_WARN_UNUSED_VARIABLE = YES;
				IPHONEOS_DEPLOYMENT_TARGET = 17.4;
				LOCALIZATION_PREFERS_STRING_CATALOGS = YES;
				MTL_ENABLE_DEBUG_INFO = NO;
				MTL_FAST_MATH = YES;
				SDKROOT = iphoneos;
				SWIFT_COMPILATION_MODE = wholemodule;
				VALIDATE_PRODUCT = YES;
			};
			name = Release;
		};
		BDD116282BBF2AA800CC48F4 /* Debug */ = {
			isa = XCBuildConfiguration;
			buildSettings = {
				ASSETCATALOG_COMPILER_APPICON_NAME = AppIcon;
				ASSETCATALOG_COMPILER_GLOBAL_ACCENT_COLOR_NAME = AccentColor;
				CODE_SIGN_STYLE = Automatic;
				CURRENT_PROJECT_VERSION = 1;
				DEVELOPMENT_ASSET_PATHS = "\"LoveCare/Preview Content\"";
				DEVELOPMENT_TEAM = 4J6WU4H46D;
				ENABLE_PREVIEWS = YES;
				GENERATE_INFOPLIST_FILE = YES;
				INFOPLIST_KEY_UIApplicationSceneManifest_Generation = YES;
				INFOPLIST_KEY_UIApplicationSupportsIndirectInputEvents = YES;
				INFOPLIST_KEY_UILaunchScreen_Generation = YES;
				INFOPLIST_KEY_UISupportedInterfaceOrientations = UIInterfaceOrientationPortrait;
				LD_RUNPATH_SEARCH_PATHS = (
					"$(inherited)",
					"@executable_path/Frameworks",
				);
				MARKETING_VERSION = 1.0;
				PRODUCT_BUNDLE_IDENTIFIER = com.xmani.LoveCare;
				PRODUCT_NAME = "$(TARGET_NAME)";
				SWIFT_EMIT_LOC_STRINGS = YES;
				SWIFT_VERSION = 5.0;
				TARGETED_DEVICE_FAMILY = "1,2";
			};
			name = Debug;
		};
		BDD116292BBF2AA800CC48F4 /* Release */ = {
			isa = XCBuildConfiguration;
			buildSettings = {
				ASSETCATALOG_COMPILER_APPICON_NAME = AppIcon;
				ASSETCATALOG_COMPILER_GLOBAL_ACCENT_COLOR_NAME = AccentColor;
				CODE_SIGN_STYLE = Automatic;
				CURRENT_PROJECT_VERSION = 1;
				DEVELOPMENT_ASSET_PATHS = "\"LoveCare/Preview Content\"";
				DEVELOPMENT_TEAM = 4J6WU4H46D;
				ENABLE_PREVIEWS = YES;
				GENERATE_INFOPLIST_FILE = YES;
				INFOPLIST_KEY_UIApplicationSceneManifest_Generation = YES;
				INFOPLIST_KEY_UIApplicationSupportsIndirectInputEvents = YES;
				INFOPLIST_KEY_UILaunchScreen_Generation = YES;
				INFOPLIST_KEY_UISupportedInterfaceOrientations = UIInterfaceOrientationPortrait;
				LD_RUNPATH_SEARCH_PATHS = (
					"$(inherited)",
					"@executable_path/Frameworks",
				);
				MARKETING_VERSION = 1.0;
				PRODUCT_BUNDLE_IDENTIFIER = com.xmani.LoveCare;
				PRODUCT_NAME = "$(TARGET_NAME)";
				SWIFT_EMIT_LOC_STRINGS = YES;
				SWIFT_VERSION = 5.0;
				TARGETED_DEVICE_FAMILY = "1,2";
			};
			name = Release;
		};
/* End XCBuildConfiguration section */

/* Begin XCConfigurationList section */
		BDD116142BBF2AA600CC48F4 /* Build configuration list for PBXProject "LoveCare" */ = {
			isa = XCConfigurationList;
			buildConfigurations = (
				BDD116252BBF2AA800CC48F4 /* Debug */,
				BDD116262BBF2AA800CC48F4 /* Release */,
			);
			defaultConfigurationIsVisible = 0;
			defaultConfigurationName = Release;
		};
		BDD116272BBF2AA800CC48F4 /* Build configuration list for PBXNativeTarget "LoveCare" */ = {
			isa = XCConfigurationList;
			buildConfigurations = (
				BDD116282BBF2AA800CC48F4 /* Debug */,
				BDD116292BBF2AA800CC48F4 /* Release */,
			);
			defaultConfigurationIsVisible = 0;
			defaultConfigurationName = Release;
		};
/* End XCConfigurationList section */
	};
	rootObject = BDD116112BBF2AA600CC48F4 /* Project object */;
}
